
Microsoft Visual Studio Solution File, Format Version 12.00
# Visual Studio Version 17
VisualStudioVersion = 17.9.34607.119
MinimumVisualStudioVersion = 10.0.40219.1
Project("{FAE04EC0-301F-11D3-BF4B-00C04F79EFBC}") = "01", "01\01.csproj", "{7C16AB61-6D5C-4051-B473-0BDDC6862675}"
EndProject
Global
	GlobalSection(SolutionConfigurationPlatforms) = preSolution
		Debug|Any CPU = Debug|Any CPU
		Release|Any CPU = Release|Any CPU
	EndGlobalSection
	GlobalSection(ProjectConfigurationPlatforms) = postSolution
		{7C16AB61-6D5C-4051-B473-0BDDC6862675}.Debug|Any CPU.ActiveCfg = Debug|Any CPU
		{7C16AB61-6D5C-4051-B473-0BDDC6862675}.Debug|Any CPU.Build.0 = Debug|Any CPU
		{7C16AB61-6D5C-4051-B473-0BDDC6862675}.Release|Any CPU.ActiveCfg = Release|Any CPU
		{7C16AB61-6D5C-4051-B473-0BDDC6862675}.Release|Any CPU.Build.0 = Release|Any CPU
	EndGlobalSection
	GlobalSection(SolutionProperties) = preSolution
		HideSolutionNode = FALSE
	EndGlobalSection
	GlobalSection(ExtensibilityGlobals) = postSolution
		SolutionGuid = {B536CF2F-2266-47FB-9E04-3D2A20CF90FA}
	EndGlobalSection
EndGlobal
