
Microsoft Visual Studio Solution File, Format Version 12.00
# Visual Studio Version 17
VisualStudioVersion = 17.9.34607.119
MinimumVisualStudioVersion = 10.0.40219.1
Project("{FAE04EC0-301F-11D3-BF4B-00C04F79EFBC}") = "BanHangOnl", "BanHangOnl\BanHangOnl.csproj", "{D12DC842-5F76-4318-B00A-4419B5E07AED}"
EndProject
Global
	GlobalSection(SolutionConfigurationPlatforms) = preSolution
		Debug|Any CPU = Debug|Any CPU
		Release|Any CPU = Release|Any CPU
	EndGlobalSection
	GlobalSection(ProjectConfigurationPlatforms) = postSolution
		{D12DC842-5F76-4318-B00A-4419B5E07AED}.Debug|Any CPU.ActiveCfg = Debug|Any CPU
		{D12DC842-5F76-4318-B00A-4419B5E07AED}.Debug|Any CPU.Build.0 = Debug|Any CPU
		{D12DC842-5F76-4318-B00A-4419B5E07AED}.Release|Any CPU.ActiveCfg = Release|Any CPU
		{D12DC842-5F76-4318-B00A-4419B5E07AED}.Release|Any CPU.Build.0 = Release|Any CPU
	EndGlobalSection
	GlobalSection(SolutionProperties) = preSolution
		HideSolutionNode = FALSE
	EndGlobalSection
	GlobalSection(ExtensibilityGlobals) = postSolution
		SolutionGuid = {7E4EC781-B1AC-4418-8CE8-520084D7B9DC}
	EndGlobalSection
EndGlobal
